// !$*UTF8*$!
{
	archiveVersion = 1;
	classes = {
	};
	objectVersion = 77;
	objects = {

/* Begin PBXContainerItemProxy section */
		F403BCD32D914D8700EB2A51 /* PBXContainerItemProxy */ = {
			isa = PBXContainerItemProxy;
			containerPortal = F403BCB92D914D8300EB2A51 /* Project object */;
			proxyType = 1;
			remoteGlobalIDString = F403BCC02D914D8300EB2A51;
			remoteInfo = "Find my Brunch";
		};
		F403BCDD2D914D8700EB2A51 /* PBXContainerItemProxy */ = {
			isa = PBXContainerItemProxy;
			containerPortal = F403BCB92D914D8300EB2A51 /* Project object */;
			proxyType = 1;
			remoteGlobalIDString = F403BCC02D914D8300EB2A51;
			remoteInfo = "Find my Brunch";
		};
/* End PBXContainerItemProxy section */

/* Begin PBXFileReference section */
		F403BCC12D914D8300EB2A51 /* Find my Brunch.app */ = {isa = PBXFileReference; explicitFileType = wrapper.application; includeInIndex = 0; path = "Find my Brunch.app"; sourceTree = BUILT_PRODUCTS_DIR; };
		F403BCD22D914D8700EB2A51 /* Find my BrunchTests.xctest */ = {isa = PBXFileReference; explicitFileType = wrapper.cfbundle; includeInIndex = 0; path = "Find my BrunchTests.xctest"; sourceTree = BUILT_PRODUCTS_DIR; };
		F403BCDC2D914D8700EB2A51 /* Find my BrunchUITests.xctest */ = {isa = PBXFileReference; explicitFileType = wrapper.cfbundle; includeInIndex = 0; path = "Find my BrunchUITests.xctest"; sourceTree = BUILT_PRODUCTS_DIR; };
/* End PBXFileReference section */

/* Begin PBXFileSystemSynchronizedBuildFileExceptionSet section */
		F403BD162D914EB600EB2A51 /* Exceptions for "Find my Brunch" folder in "Find my Brunch" target */ = {
			isa = PBXFileSystemSynchronizedBuildFileExceptionSet;
			membershipExceptions = (
				Data/MenuData.json,
			);
			target = F403BCC02D914D8300EB2A51 /* Find my Brunch */;
		};
/* End PBXFileSystemSynchronizedBuildFileExceptionSet section */

/* Begin PBXFileSystemSynchronizedGroupBuildPhaseMembershipExceptionSet section */
		F403BD172D914EB600EB2A51 /* Exceptions for "Find my Brunch" folder in "Compile Sources" phase from "Find my Brunch" target */ = {
			isa = PBXFileSystemSynchronizedGroupBuildPhaseMembershipExceptionSet;
			buildPhase = F403BCBD2D914D8300EB2A51 /* Sources */;
			membershipExceptions = (
				Data/MenuData.json,
			);
		};
/* End PBXFileSystemSynchronizedGroupBuildPhaseMembershipExceptionSet section */

/* Begin PBXFileSystemSynchronizedRootGroup section */
		F403BCC32D914D8300EB2A51 /* Find my Brunch */ = {
			isa = PBXFileSystemSynchronizedRootGroup;
			exceptions = (
				F403BD162D914EB600EB2A51 /* Exceptions for "Find my Brunch" folder in "Find my Brunch" target */,
				F403BD172D914EB600EB2A51 /* Exceptions for "Find my Brunch" folder in "Compile Sources" phase from "Find my Brunch" target */,
			);
			path = "Find my Brunch";
			sourceTree = "<group>";
		};
		F403BCD52D914D8700EB2A51 /* Find my BrunchTests */ = {
			isa = PBXFileSystemSynchronizedRootGroup;
			path = "Find my BrunchTests";
			sourceTree = "<group>";
		};
		F403BCDF2D914D8700EB2A51 /* Find my BrunchUITests */ = {
			isa = PBXFileSystemSynchronizedRootGroup;
			path = "Find my BrunchUITests";
			sourceTree = "<group>";
		};
/* End PBXFileSystemSynchronizedRootGroup section */

/* Begin PBXFrameworksBuildPhase section */
		F403BCBE2D914D8300EB2A51 /* Frameworks */ = {
			isa = PBXFrameworksBuildPhase;
			buildActionMask = 2147483647;
			files = (
			);
			runOnlyForDeploymentPostprocessing = 0;
		};
		F403BCCF2D914D8700EB2A51 /* Frameworks */ = {
			isa = PBXFrameworksBuildPhase;
			buildActionMask = 2147483647;
			files = (
			);
			runOnlyForDeploymentPostprocessing = 0;
		};
		F403BCD92D914D8700EB2A51 /* Frameworks */ = {
			isa = PBXFrameworksBuildPhase;
			buildActionMask = 2147483647;
			files = (
			);
			runOnlyForDeploymentPostprocessing = 0;
		};
/* End PBXFrameworksBuildPhase section */

/* Begin PBXGroup section */
		F403BCB82D914D8300EB2A51 = {
			isa = PBXGroup;
			children = (
				F403BCC32D914D8300EB2A51 /* Find my Brunch */,
				F403BCD52D914D8700EB2A51 /* Find my BrunchTests */,
				F403BCDF2D914D8700EB2A51 /* Find my BrunchUITests */,
				F403BCC22D914D8300EB2A51 /* Products */,
			);
			sourceTree = "<group>";
		};
		F403BCC22D914D8300EB2A51 /* Products */ = {
			isa = PBXGroup;
			children = (
				F403BCC12D914D8300EB2A51 /* Find my Brunch.app */,
				F403BCD22D914D8700EB2A51 /* Find my BrunchTests.xctest */,
				F403BCDC2D914D8700EB2A51 /* Find my BrunchUITests.xctest */,
			);
			name = Products;
			sourceTree = "<group>";
		};
/* End PBXGroup section */

/* Begin PBXNativeTarget section */
		F403BCC02D914D8300EB2A51 /* Find my Brunch */ = {
			isa = PBXNativeTarget;
			buildConfigurationList = F403BCE62D914D8700EB2A51 /* Build configuration list for PBXNativeTarget "Find my Brunch" */;
			buildPhases = (
				F403BCBD2D914D8300EB2A51 /* Sources */,
				F403BCBE2D914D8300EB2A51 /* Frameworks */,
				F403BCBF2D914D8300EB2A51 /* Resources */,
			);
			buildRules = (
			);
			dependencies = (
			);
			fileSystemSynchronizedGroups = (
				F403BCC32D914D8300EB2A51 /* Find my Brunch */,
			);
			name = "Find my Brunch";
			packageProductDependencies = (
			);
			productName = "Find my Brunch";
			productReference = F403BCC12D914D8300EB2A51 /* Find my Brunch.app */;
			productType = "com.apple.product-type.application";
		};
		F403BCD12D914D8700EB2A51 /* Find my BrunchTests */ = {
			isa = PBXNativeTarget;
			buildConfigurationList = F403BCE92D914D8700EB2A51 /* Build configuration list for PBXNativeTarget "Find my BrunchTests" */;
			buildPhases = (
				F403BCCE2D914D8700EB2A51 /* Sources */,
				F403BCCF2D914D8700EB2A51 /* Frameworks */,
				F403BCD02D914D8700EB2A51 /* Resources */,
			);
			buildRules = (
			);
			dependencies = (
				F403BCD42D914D8700EB2A51 /* PBXTargetDependency */,
			);
			fileSystemSynchronizedGroups = (
				F403BCD52D914D8700EB2A51 /* Find my BrunchTests */,
			);
			name = "Find my BrunchTests";
			packageProductDependencies = (
			);
			productName = "Find my BrunchTests";
			productReference = F403BCD22D914D8700EB2A51 /* Find my BrunchTests.xctest */;
			productType = "com.apple.product-type.bundle.unit-test";
		};
		F403BCDB2D914D8700EB2A51 /* Find my BrunchUITests */ = {
			isa = PBXNativeTarget;
			buildConfigurationList = F403BCEC2D914D8700EB2A51 /* Build configuration list for PBXNativeTarget "Find my BrunchUITests" */;
			buildPhases = (
				F403BCD82D914D8700EB2A51 /* Sources */,
				F403BCD92D914D8700EB2A51 /* Frameworks */,
				F403BCDA2D914D8700EB2A51 /* Resources */,
			);
			buildRules = (
			);
			dependencies = (
				F403BCDE2D914D8700EB2A51 /* PBXTargetDependency */,
			);
			fileSystemSynchronizedGroups = (
				F403BCDF2D914D8700EB2A51 /* Find my BrunchUITests */,
			);
			name = "Find my BrunchUITests";
			packageProductDependencies = (
			);
			productName = "Find my BrunchUITests";
			productReference = F403BCDC2D914D8700EB2A51 /* Find my BrunchUITests.xctest */;
			productType = "com.apple.product-type.bundle.ui-testing";
		};
/* End PBXNativeTarget section */

/* Begin PBXProject section */
		F403BCB92D914D8300EB2A51 /* Project object */ = {
			isa = PBXProject;
			attributes = {
				BuildIndependentTargetsInParallel = 1;
				LastSwiftUpdateCheck = 1620;
				LastUpgradeCheck = 1620;
				TargetAttributes = {
					F403BCC02D914D8300EB2A51 = {
						CreatedOnToolsVersion = 16.2;
					};
					F403BCD12D914D8700EB2A51 = {
						CreatedOnToolsVersion = 16.2;
						TestTargetID = F403BCC02D914D8300EB2A51;
					};
					F403BCDB2D914D8700EB2A51 = {
						CreatedOnToolsVersion = 16.2;
						TestTargetID = F403BCC02D914D8300EB2A51;
					};
				};
			};
			buildConfigurationList = F403BCBC2D914D8300EB2A51 /* Build configuration list for PBXProject "Find my Brunch" */;
			developmentRegion = en;
			hasScannedForEncodings = 0;
			knownRegions = (
				en,
				Base,
			);
			mainGroup = F403BCB82D914D8300EB2A51;
			minimizedProjectReferenceProxies = 1;
			preferredProjectObjectVersion = 77;
			productRefGroup = F403BCC22D914D8300EB2A51 /* Products */;
			projectDirPath = "";
			projectRoot = "";
			targets = (
				F403BCC02D914D8300EB2A51 /* Find my Brunch */,
				F403BCD12D914D8700EB2A51 /* Find my BrunchTests */,
				F403BCDB2D914D8700EB2A51 /* Find my BrunchUITests */,
			);
		};
/* End PBXProject section */

/* Begin PBXResourcesBuildPhase section */
		F403BCBF2D914D8300EB2A51 /* Resources */ = {
			isa = PBXResourcesBuildPhase;
			buildActionMask = 2147483647;
			files = (
			);
			runOnlyForDeploymentPostprocessing = 0;
		};
		F403BCD02D914D8700EB2A51 /* Resources */ = {
			isa = PBXResourcesBuildPhase;
			buildActionMask = 2147483647;
			files = (
			);
			runOnlyForDeploymentPostprocessing = 0;
		};
		F403BCDA2D914D8700EB2A51 /* Resources */ = {
			isa = PBXResourcesBuildPhase;
			buildActionMask = 2147483647;
			files = (
			);
			runOnlyForDeploymentPostprocessing = 0;
		};
/* End PBXResourcesBuildPhase section */

/* Begin PBXSourcesBuildPhase section */
		F403BCBD2D914D8300EB2A51 /* Sources */ = {
			isa = PBXSourcesBuildPhase;
			buildActionMask = 2147483647;
			files = (
			);
			runOnlyForDeploymentPostprocessing = 0;
		};
		F403BCCE2D914D8700EB2A51 /* Sources */ = {
			isa = PBXSourcesBuildPhase;
			buildActionMask = 2147483647;
			files = (
			);
			runOnlyForDeploymentPostprocessing = 0;
		};
		F403BCD82D914D8700EB2A51 /* Sources */ = {
			isa = PBXSourcesBuildPhase;
			buildActionMask = 2147483647;
			files = (
			);
			runOnlyForDeploymentPostprocessing = 0;
		};
/* End PBXSourcesBuildPhase section */

/* Begin PBXTargetDependency section */
		F403BCD42D914D8700EB2A51 /* PBXTargetDependency */ = {
			isa = PBXTargetDependency;
			target = F403BCC02D914D8300EB2A51 /* Find my Brunch */;
			targetProxy = F403BCD32D914D8700EB2A51 /* PBXContainerItemProxy */;
		};
		F403BCDE2D914D8700EB2A51 /* PBXTargetDependency */ = {
			isa = PBXTargetDependency;
			target = F403BCC02D914D8300EB2A51 /* Find my Brunch */;
			targetProxy = F403BCDD2D914D8700EB2A51 /* PBXContainerItemProxy */;
		};
/* End PBXTargetDependency section */

/* Begin XCBuildConfiguration section */
		F403BCE42D914D8700EB2A51 /* Debug */ = {
			isa = XCBuildConfiguration;
			buildSettings = {
				ALWAYS_SEARCH_USER_PATHS = NO;
				ASSETCATALOG_COMPILER_GENERATE_SWIFT_ASSET_SYMBOL_EXTENSIONS = YES;
				CLANG_ANALYZER_NONNULL = YES;
				CLANG_ANALYZER_NUMBER_OBJECT_CONVERSION = YES_AGGRESSIVE;
				CLANG_CXX_LANGUAGE_STANDARD = "gnu++20";
				CLANG_ENABLE_MODULES = YES;
				CLANG_ENABLE_OBJC_ARC = YES;
				CLANG_ENABLE_OBJC_WEAK = YES;
				CLANG_WARN_BLOCK_CAPTURE_AUTORELEASING = YES;
				CLANG_WARN_BOOL_CONVERSION = YES;
				CLANG_WARN_COMMA = YES;
				CLANG_WARN_CONSTANT_CONVERSION = YES;
				CLANG_WARN_DEPRECATED_OBJC_IMPLEMENTATIONS = YES;
				CLANG_WARN_DIRECT_OBJC_ISA_USAGE = YES_ERROR;
				CLANG_WARN_DOCUMENTATION_COMMENTS = YES;
				CLANG_WARN_EMPTY_BODY = YES;
				CLANG_WARN_ENUM_CONVERSION = YES;
				CLANG_WARN_INFINITE_RECURSION = YES;
				CLANG_WARN_INT_CONVERSION = YES;
				CLANG_WARN_NON_LITERAL_NULL_CONVERSION = YES;
				CLANG_WARN_OBJC_IMPLICIT_RETAIN_SELF = YES;
				CLANG_WARN_OBJC_LITERAL_CONVERSION = YES;
				CLANG_WARN_OBJC_ROOT_CLASS = YES_ERROR;
				CLANG_WARN_QUOTED_INCLUDE_IN_FRAMEWORK_HEADER = YES;
				CLANG_WARN_RANGE_LOOP_ANALYSIS = YES;
				CLANG_WARN_STRICT_PROTOTYPES = YES;
				CLANG_WARN_SUSPICIOUS_MOVE = YES;
				CLANG_WARN_UNGUARDED_AVAILABILITY = YES_AGGRESSIVE;
				CLANG_WARN_UNREACHABLE_CODE = YES;
				CLANG_WARN__DUPLICATE_METHOD_MATCH = YES;
				COPY_PHASE_STRIP = NO;
				DEBUG_INFORMATION_FORMAT = dwarf;
				ENABLE_STRICT_OBJC_MSGSEND = YES;
				ENABLE_TESTABILITY = YES;
				ENABLE_USER_SCRIPT_SANDBOXING = YES;
				GCC_C_LANGUAGE_STANDARD = gnu17;
				GCC_DYNAMIC_NO_PIC = NO;
				GCC_NO_COMMON_BLOCKS = YES;
				GCC_OPTIMIZATION_LEVEL = 0;
				GCC_PREPROCESSOR_DEFINITIONS = (
					"DEBUG=1",
					"$(inherited)",
				);
				GCC_WARN_64_TO_32_BIT_CONVERSION = YES;
				GCC_WARN_ABOUT_RETURN_TYPE = YES_ERROR;
				GCC_WARN_UNDECLARED_SELECTOR = YES;
				GCC_WARN_UNINITIALIZED_AUTOS = YES_AGGRESSIVE;
				GCC_WARN_UNUSED_FUNCTION = YES;
				GCC_WARN_UNUSED_VARIABLE = YES;
				LOCALIZATION_PREFERS_STRING_CATALOGS = YES;
				MTL_ENABLE_DEBUG_INFO = INCLUDE_SOURCE;
				MTL_FAST_MATH = YES;
				ONLY_ACTIVE_ARCH = YES;
				SWIFT_ACTIVE_COMPILATION_CONDITIONS = "DEBUG $(inherited)";
				SWIFT_OPTIMIZATION_LEVEL = "-Onone";
			};
			name = Debug;
		};
		F403BCE52D914D8700EB2A51 /* Release */ = {
			isa = XCBuildConfiguration;
			buildSettings = {
				ALWAYS_SEARCH_USER_PATHS = NO;
				ASSETCATALOG_COMPILER_GENERATE_SWIFT_ASSET_SYMBOL_EXTENSIONS = YES;
				CLANG_ANALYZER_NONNULL = YES;
				CLANG_ANALYZER_NUMBER_OBJECT_CONVERSION = YES_AGGRESSIVE;
				CLANG_CXX_LANGUAGE_STANDARD = "gnu++20";
				CLANG_ENABLE_MODULES = YES;
				CLANG_ENABLE_OBJC_ARC = YES;
				CLANG_ENABLE_OBJC_WEAK = YES;
				CLANG_WARN_BLOCK_CAPTURE_AUTORELEASING = YES;
				CLANG_WARN_BOOL_CONVERSION = YES;
				CLANG_WARN_COMMA = YES;
				CLANG_WARN_CONSTANT_CONVERSION = YES;
				CLANG_WARN_DEPRECATED_OBJC_IMPLEMENTATIONS = YES;
				CLANG_WARN_DIRECT_OBJC_ISA_USAGE = YES_ERROR;
				CLANG_WARN_DOCUMENTATION_COMMENTS = YES;
				CLANG_WARN_EMPTY_BODY = YES;
				CLANG_WARN_ENUM_CONVERSION = YES;
				CLANG_WARN_INFINITE_RECURSION = YES;
				CLANG_WARN_INT_CONVERSION = YES;
				CLANG_WARN_NON_LITERAL_NULL_CONVERSION = YES;
				CLANG_WARN_OBJC_IMPLICIT_RETAIN_SELF = YES;
				CLANG_WARN_OBJC_LITERAL_CONVERSION = YES;
				CLANG_WARN_OBJC_ROOT_CLASS = YES_ERROR;
				CLANG_WARN_QUOTED_INCLUDE_IN_FRAMEWORK_HEADER = YES;
				CLANG_WARN_RANGE_LOOP_ANALYSIS = YES;
				CLANG_WARN_STRICT_PROTOTYPES = YES;
				CLANG_WARN_SUSPICIOUS_MOVE = YES;
				CLANG_WARN_UNGUARDED_AVAILABILITY = YES_AGGRESSIVE;
				CLANG_WARN_UNREACHABLE_CODE = YES;
				CLANG_WARN__DUPLICATE_METHOD_MATCH = YES;
				COPY_PHASE_STRIP = NO;
				DEBUG_INFORMATION_FORMAT = "dwarf-with-dsym";
				ENABLE_NS_ASSERTIONS = NO;
				ENABLE_STRICT_OBJC_MSGSEND = YES;
				ENABLE_USER_SCRIPT_SANDBOXING = YES;
				GCC_C_LANGUAGE_STANDARD = gnu17;
				GCC_NO_COMMON_BLOCKS = YES;
				GCC_WARN_64_TO_32_BIT_CONVERSION = YES;
				GCC_WARN_ABOUT_RETURN_TYPE = YES_ERROR;
				GCC_WARN_UNDECLARED_SELECTOR = YES;
				GCC_WARN_UNINITIALIZED_AUTOS = YES_AGGRESSIVE;
				GCC_WARN_UNUSED_FUNCTION = YES;
				GCC_WARN_UNUSED_VARIABLE = YES;
				LOCALIZATION_PREFERS_STRING_CATALOGS = YES;
				MTL_ENABLE_DEBUG_INFO = NO;
				MTL_FAST_MATH = YES;
				SWIFT_COMPILATION_MODE = wholemodule;
			};
			name = Release;
		};
		F403BCE72D914D8700EB2A51 /* Debug */ = {
			isa = XCBuildConfiguration;
			buildSettings = {
				ASSETCATALOG_COMPILER_APPICON_NAME = AppIcon;
				ASSETCATALOG_COMPILER_GLOBAL_ACCENT_COLOR_NAME = AccentColor;
				CODE_SIGN_ENTITLEMENTS = "Find my Brunch/Find_my_Brunch.entitlements";
				CODE_SIGN_STYLE = Automatic;
				CURRENT_PROJECT_VERSION = 1;
				DEVELOPMENT_ASSET_PATHS = "\"Find my Brunch/Preview Content\"";
				ENABLE_PREVIEWS = YES;
				GENERATE_INFOPLIST_FILE = YES;
				INFOPLIST_FILE = "Find-my-Brunch-Info.plist";
				INFOPLIST_KEY_CFBundleDisplayName = "Find my Brunch";
				INFOPLIST_KEY_LSApplicationCategoryType = "";
				"INFOPLIST_KEY_UIApplicationSceneManifest_Generation[sdk=iphoneos*]" = YES;
				"INFOPLIST_KEY_UIApplicationSceneManifest_Generation[sdk=iphonesimulator*]" = YES;
				"INFOPLIST_KEY_UIApplicationSupportsIndirectInputEvents[sdk=iphoneos*]" = YES;
				"INFOPLIST_KEY_UIApplicationSupportsIndirectInputEvents[sdk=iphonesimulator*]" = YES;
				"INFOPLIST_KEY_UILaunchScreen_Generation[sdk=iphoneos*]" = YES;
				"INFOPLIST_KEY_UILaunchScreen_Generation[sdk=iphonesimulator*]" = YES;
				"INFOPLIST_KEY_UIStatusBarStyle[sdk=iphoneos*]" = UIStatusBarStyleDefault;
				"INFOPLIST_KEY_UIStatusBarStyle[sdk=iphonesimulator*]" = UIStatusBarStyleDefault;
				INFOPLIST_KEY_UISupportedInterfaceOrientations_iPad = "UIInterfaceOrientationPortrait UIInterfaceOrientationPortraitUpsideDown UIInterfaceOrientationLandscapeLeft UIInterfaceOrientationLandscapeRight";
				INFOPLIST_KEY_UISupportedInterfaceOrientations_iPhone = "UIInterfaceOrientationPortrait UIInterfaceOrientationLandscapeLeft UIInterfaceOrientationLandscapeRight";
				IPHONEOS_DEPLOYMENT_TARGET = 18.2;
				LD_RUNPATH_SEARCH_PATHS = "@executable_path/Frameworks";
				"LD_RUNPATH_SEARCH_PATHS[sdk=macosx*]" = "@executable_path/../Frameworks";
				MACOSX_DEPLOYMENT_TARGET = 15.0;
				MARKETING_VERSION = 1.0;
				PRODUCT_BUNDLE_IDENTIFIER = "th.ac.su.sriphet.j.Find-my-Brunch";
				PRODUCT_NAME = "$(TARGET_NAME)";
				SDKROOT = auto;
				SUPPORTED_PLATFORMS = "iphoneos iphonesimulator macosx xros xrsimulator";
				SWIFT_EMIT_LOC_STRINGS = YES;
				SWIFT_VERSION = 5.0;
				TARGETED_DEVICE_FAMILY = "1,2,7";
				XROS_DEPLOYMENT_TARGET = 2.2;
			};
			name = Debug;
		};
		F403BCE82D914D8700EB2A51 /* Release */ = {
			isa = XCBuildConfiguration;
			buildSettings = {
				ASSETCATALOG_COMPILER_APPICON_NAME = AppIcon;
				ASSETCATALOG_COMPILER_GLOBAL_ACCENT_COLOR_NAME = AccentColor;
				CODE_SIGN_ENTITLEMENTS = "Find my Brunch/Find_my_Brunch.entitlements";
				CODE_SIGN_STYLE = Automatic;
				CURRENT_PROJECT_VERSION = 1;
				DEVELOPMENT_ASSET_PATHS = "\"Find my Brunch/Preview Content\"";
				ENABLE_PREVIEWS = YES;
				GENERATE_INFOPLIST_FILE = YES;
				INFOPLIST_FILE = "Find-my-Brunch-Info.plist";
				INFOPLIST_KEY_CFBundleDisplayName = "Find my Brunch";
				INFOPLIST_KEY_LSApplicationCategoryType = "";
				"INFOPLIST_KEY_UIApplicationSceneManifest_Generation[sdk=iphoneos*]" = YES;
				"INFOPLIST_KEY_UIApplicationSceneManifest_Generation[sdk=iphonesimulator*]" = YES;
				"INFOPLIST_KEY_UIApplicationSupportsIndirectInputEvents[sdk=iphoneos*]" = YES;
				"INFOPLIST_KEY_UIApplicationSupportsIndirectInputEvents[sdk=iphonesimulator*]" = YES;
				"INFOPLIST_KEY_UILaunchScreen_Generation[sdk=iphoneos*]" = YES;
				"INFOPLIST_KEY_UILaunchScreen_Generation[sdk=iphonesimulator*]" = YES;
				"INFOPLIST_KEY_UIStatusBarStyle[sdk=iphoneos*]" = UIStatusBarStyleDefault;
				"INFOPLIST_KEY_UIStatusBarStyle[sdk=iphonesimulator*]" = UIStatusBarStyleDefault;
				INFOPLIST_KEY_UISupportedInterfaceOrientations_iPad = "UIInterfaceOrientationPortrait UIInterfaceOrientationPortraitUpsideDown UIInterfaceOrientationLandscapeLeft UIInterfaceOrientationLandscapeRight";
				INFOPLIST_KEY_UISupportedInterfaceOrientations_iPhone = "UIInterfaceOrientationPortrait UIInterfaceOrientationLandscapeLeft UIInterfaceOrientationLandscapeRight";
				IPHONEOS_DEPLOYMENT_TARGET = 18.2;
				LD_RUNPATH_SEARCH_PATHS = "@executable_path/Frameworks";
				"LD_RUNPATH_SEARCH_PATHS[sdk=macosx*]" = "@executable_path/../Frameworks";
				MACOSX_DEPLOYMENT_TARGET = 15.0;
				MARKETING_VERSION = 1.0;
				PRODUCT_BUNDLE_IDENTIFIER = "th.ac.su.sriphet.j.Find-my-Brunch";
				PRODUCT_NAME = "$(TARGET_NAME)";
				SDKROOT = auto;
				SUPPORTED_PLATFORMS = "iphoneos iphonesimulator macosx xros xrsimulator";
				SWIFT_EMIT_LOC_STRINGS = YES;
				SWIFT_VERSION = 5.0;
				TARGETED_DEVICE_FAMILY = "1,2,7";
				XROS_DEPLOYMENT_TARGET = 2.2;
			};
			name = Release;
		};
		F403BCEA2D914D8700EB2A51 /* Debug */ = {
			isa = XCBuildConfiguration;
			buildSettings = {
				BUNDLE_LOADER = "$(TEST_HOST)";
				CODE_SIGN_STYLE = Automatic;
				CURRENT_PROJECT_VERSION = 1;
				GENERATE_INFOPLIST_FILE = YES;
				IPHONEOS_DEPLOYMENT_TARGET = 18.2;
				MACOSX_DEPLOYMENT_TARGET = 15.0;
				MARKETING_VERSION = 1.0;
				PRODUCT_BUNDLE_IDENTIFIER = "th.ac.su.sriphet.j.Find-my-BrunchTests";
				PRODUCT_NAME = "$(TARGET_NAME)";
				SDKROOT = auto;
				SUPPORTED_PLATFORMS = "iphoneos iphonesimulator macosx xros xrsimulator";
				SWIFT_EMIT_LOC_STRINGS = NO;
				SWIFT_VERSION = 5.0;
				TARGETED_DEVICE_FAMILY = "1,2,7";
				TEST_HOST = "$(BUILT_PRODUCTS_DIR)/Find my Brunch.app/$(BUNDLE_EXECUTABLE_FOLDER_PATH)/Find my Brunch";
				XROS_DEPLOYMENT_TARGET = 2.2;
			};
			name = Debug;
		};
		F403BCEB2D914D8700EB2A51 /* Release */ = {
			isa = XCBuildConfiguration;
			buildSettings = {
				BUNDLE_LOADER = "$(TEST_HOST)";
				CODE_SIGN_STYLE = Automatic;
				CURRENT_PROJECT_VERSION = 1;
				GENERATE_INFOPLIST_FILE = YES;
				IPHONEOS_DEPLOYMENT_TARGET = 18.2;
				MACOSX_DEPLOYMENT_TARGET = 15.0;
				MARKETING_VERSION = 1.0;
				PRODUCT_BUNDLE_IDENTIFIER = "th.ac.su.sriphet.j.Find-my-BrunchTests";
				PRODUCT_NAME = "$(TARGET_NAME)";
				SDKROOT = auto;
				SUPPORTED_PLATFORMS = "iphoneos iphonesimulator macosx xros xrsimulator";
				SWIFT_EMIT_LOC_STRINGS = NO;
				SWIFT_VERSION = 5.0;
				TARGETED_DEVICE_FAMILY = "1,2,7";
				TEST_HOST = "$(BUILT_PRODUCTS_DIR)/Find my Brunch.app/$(BUNDLE_EXECUTABLE_FOLDER_PATH)/Find my Brunch";
				XROS_DEPLOYMENT_TARGET = 2.2;
			};
			name = Release;
		};
		F403BCED2D914D8700EB2A51 /* Debug */ = {
			isa = XCBuildConfiguration;
			buildSettings = {
				CODE_SIGN_STYLE = Automatic;
				CURRENT_PROJECT_VERSION = 1;
				GENERATE_INFOPLIST_FILE = YES;
				IPHONEOS_DEPLOYMENT_TARGET = 18.2;
				MACOSX_DEPLOYMENT_TARGET = 15.0;
				MARKETING_VERSION = 1.0;
				PRODUCT_BUNDLE_IDENTIFIER = "th.ac.su.sriphet.j.Find-my-BrunchUITests";
				PRODUCT_NAME = "$(TARGET_NAME)";
				SDKROOT = auto;
				SUPPORTED_PLATFORMS = "iphoneos iphonesimulator macosx xros xrsimulator";
				SWIFT_EMIT_LOC_STRINGS = NO;
				SWIFT_VERSION = 5.0;
				TARGETED_DEVICE_FAMILY = "1,2,7";
				TEST_TARGET_NAME = "Find my Brunch";
				XROS_DEPLOYMENT_TARGET = 2.2;
			};
			name = Debug;
		};
		F403BCEE2D914D8700EB2A51 /* Release */ = {
			isa = XCBuildConfiguration;
			buildSettings = {
				CODE_SIGN_STYLE = Automatic;
				CURRENT_PROJECT_VERSION = 1;
				GENERATE_INFOPLIST_FILE = YES;
				IPHONEOS_DEPLOYMENT_TARGET = 18.2;
				MACOSX_DEPLOYMENT_TARGET = 15.0;
				MARKETING_VERSION = 1.0;
				PRODUCT_BUNDLE_IDENTIFIER = "th.ac.su.sriphet.j.Find-my-BrunchUITests";
				PRODUCT_NAME = "$(TARGET_NAME)";
				SDKROOT = auto;
				SUPPORTED_PLATFORMS = "iphoneos iphonesimulator macosx xros xrsimulator";
				SWIFT_EMIT_LOC_STRINGS = NO;
				SWIFT_VERSION = 5.0;
				TARGETED_DEVICE_FAMILY = "1,2,7";
				TEST_TARGET_NAME = "Find my Brunch";
				XROS_DEPLOYMENT_TARGET = 2.2;
			};
			name = Release;
		};
/* End XCBuildConfiguration section */

/* Begin XCConfigurationList section */
		F403BCBC2D914D8300EB2A51 /* Build configuration list for PBXProject "Find my Brunch" */ = {
			isa = XCConfigurationList;
			buildConfigurations = (
				F403BCE42D914D8700EB2A51 /* Debug */,
				F403BCE52D914D8700EB2A51 /* Release */,
			);
			defaultConfigurationIsVisible = 0;
			defaultConfigurationName = Release;
		};
		F403BCE62D914D8700EB2A51 /* Build configuration list for PBXNativeTarget "Find my Brunch" */ = {
			isa = XCConfigurationList;
			buildConfigurations = (
				F403BCE72D914D8700EB2A51 /* Debug */,
				F403BCE82D914D8700EB2A51 /* Release */,
			);
			defaultConfigurationIsVisible = 0;
			defaultConfigurationName = Release;
		};
		F403BCE92D914D8700EB2A51 /* Build configuration list for PBXNativeTarget "Find my BrunchTests" */ = {
			isa = XCConfigurationList;
			buildConfigurations = (
				F403BCEA2D914D8700EB2A51 /* Debug */,
				F403BCEB2D914D8700EB2A51 /* Release */,
			);
			defaultConfigurationIsVisible = 0;
			defaultConfigurationName = Release;
		};
		F403BCEC2D914D8700EB2A51 /* Build configuration list for PBXNativeTarget "Find my BrunchUITests" */ = {
			isa = XCConfigurationList;
			buildConfigurations = (
				F403BCED2D914D8700EB2A51 /* Debug */,
				F403BCEE2D914D8700EB2A51 /* Release */,
			);
			defaultConfigurationIsVisible = 0;
			defaultConfigurationName = Release;
		};
/* End XCConfigurationList section */
	};
	rootObject = F403BCB92D914D8300EB2A51 /* Project object */;
}
